
Microsoft Visual Studio Solution File, Format Version 12.00
# Visual Studio Version 16
VisualStudioVersion = 16.0.30413.136
MinimumVisualStudioVersion = 10.0.40219.1
Project("{FAE04EC0-301F-11D3-BF4B-00C04F79EFBC}") = "CES-Telstar", "CES-Telstar\CES-Telstar.csproj", "{8E452632-67C4-416E-944B-6F77D230EA11}"
EndProject
Project("{FAE04EC0-301F-11D3-BF4B-00C04F79EFBC}") = "Persistence", "Persistence\Persistence.csproj", "{715CC129-D6F5-4154-B941-87AADDA32279}"
EndProject
Project("{FAE04EC0-301F-11D3-BF4B-00C04F79EFBC}") = "Domain", "Domain\Domain.csproj", "{30ACFF72-49CD-48EF-9ED2-AD1CD0FACD57}"
EndProject
Project("{9A19103F-16F7-4668-BE54-9A1E7A4F7556}") = "DijkstraAlgorithm", "..\Libraries\DijkstraAlgorithm\DijkstraAlgorithm.csproj", "{74C8AF4C-77B7-44AE-91B7-CD6F762567B2}"
EndProject
Project("{FAE04EC0-301F-11D3-BF4B-00C04F79EFBC}") = "CES-Telstar.Tests", "CES-Telstar.Tests\CES-Telstar.Tests.csproj", "{CDDF536B-6F75-4EF4-9788-48B205AA3815}"
EndProject
Global
	GlobalSection(SolutionConfigurationPlatforms) = preSolution
		Debug|Any CPU = Debug|Any CPU
		Release|Any CPU = Release|Any CPU
	EndGlobalSection
	GlobalSection(ProjectConfigurationPlatforms) = postSolution
		{8E452632-67C4-416E-944B-6F77D230EA11}.Debug|Any CPU.ActiveCfg = Debug|Any CPU
		{8E452632-67C4-416E-944B-6F77D230EA11}.Debug|Any CPU.Build.0 = Debug|Any CPU
		{8E452632-67C4-416E-944B-6F77D230EA11}.Release|Any CPU.ActiveCfg = Release|Any CPU
		{8E452632-67C4-416E-944B-6F77D230EA11}.Release|Any CPU.Build.0 = Release|Any CPU
		{715CC129-D6F5-4154-B941-87AADDA32279}.Debug|Any CPU.ActiveCfg = Debug|Any CPU
		{715CC129-D6F5-4154-B941-87AADDA32279}.Debug|Any CPU.Build.0 = Debug|Any CPU
		{715CC129-D6F5-4154-B941-87AADDA32279}.Release|Any CPU.ActiveCfg = Release|Any CPU
		{715CC129-D6F5-4154-B941-87AADDA32279}.Release|Any CPU.Build.0 = Release|Any CPU
		{30ACFF72-49CD-48EF-9ED2-AD1CD0FACD57}.Debug|Any CPU.ActiveCfg = Debug|Any CPU
		{30ACFF72-49CD-48EF-9ED2-AD1CD0FACD57}.Debug|Any CPU.Build.0 = Debug|Any CPU
		{30ACFF72-49CD-48EF-9ED2-AD1CD0FACD57}.Release|Any CPU.ActiveCfg = Release|Any CPU
		{30ACFF72-49CD-48EF-9ED2-AD1CD0FACD57}.Release|Any CPU.Build.0 = Release|Any CPU
		{74C8AF4C-77B7-44AE-91B7-CD6F762567B2}.Debug|Any CPU.ActiveCfg = Debug|Any CPU
		{74C8AF4C-77B7-44AE-91B7-CD6F762567B2}.Debug|Any CPU.Build.0 = Debug|Any CPU
		{74C8AF4C-77B7-44AE-91B7-CD6F762567B2}.Release|Any CPU.ActiveCfg = Release|Any CPU
		{74C8AF4C-77B7-44AE-91B7-CD6F762567B2}.Release|Any CPU.Build.0 = Release|Any CPU
		{CDDF536B-6F75-4EF4-9788-48B205AA3815}.Debug|Any CPU.ActiveCfg = Debug|Any CPU
		{CDDF536B-6F75-4EF4-9788-48B205AA3815}.Debug|Any CPU.Build.0 = Debug|Any CPU
		{CDDF536B-6F75-4EF4-9788-48B205AA3815}.Release|Any CPU.ActiveCfg = Release|Any CPU
		{CDDF536B-6F75-4EF4-9788-48B205AA3815}.Release|Any CPU.Build.0 = Release|Any CPU
	EndGlobalSection
	GlobalSection(SolutionProperties) = preSolution
		HideSolutionNode = FALSE
	EndGlobalSection
	GlobalSection(ExtensibilityGlobals) = postSolution
		SolutionGuid = {56250D61-DA94-449F-8BEE-0F8668BC4A0C}
	EndGlobalSection
EndGlobal
